
Microsoft Visual Studio Solution File, Format Version 12.00
# Visual Studio Version 16
VisualStudioVersion = 16.0.32929.386
MinimumVisualStudioVersion = 10.0.40219.1
Project("{FAE04EC0-301F-11D3-BF4B-00C04F79EFBC}") = "Steganography", "Steganography\Steganography.csproj", "{4E52767D-F048-4969-831F-041AA553534D}"
EndProject
Global
	GlobalSection(SolutionConfigurationPlatforms) = preSolution
		Debug|Any CPU = Debug|Any CPU
		Release|Any CPU = Release|Any CPU
	EndGlobalSection
	GlobalSection(ProjectConfigurationPlatforms) = postSolution
		{4E52767D-F048-4969-831F-041AA553534D}.Debug|Any CPU.ActiveCfg = Debug|Any CPU
		{4E52767D-F048-4969-831F-041AA553534D}.Debug|Any CPU.Build.0 = Debug|Any CPU
		{4E52767D-F048-4969-831F-041AA553534D}.Release|Any CPU.ActiveCfg = Release|Any CPU
		{4E52767D-F048-4969-831F-041AA553534D}.Release|Any CPU.Build.0 = Release|Any CPU
	EndGlobalSection
	GlobalSection(SolutionProperties) = preSolution
		HideSolutionNode = FALSE
	EndGlobalSection
	GlobalSection(ExtensibilityGlobals) = postSolution
		SolutionGuid = {4851768D-F11B-4EFE-B78D-6634735A15F7}
	EndGlobalSection
EndGlobal
